{
  "nodes": {
    "nixpkgs": {
      "locked": {
        "lastModified": 1715752266,
        "narHash": "sha256-LoG7E3I+FVLxgDf4ZEgVBMcaXk32ImgBpolbw26q5DI=",
        "owner": "NixOS",
        "repo": "nixpkgs",
        "rev": "20edaf9a4790256add37b38ba4329b158dd138c8",
        "type": "github"
      },
      "original": {
        "owner": "NixOS",
        "repo": "nixpkgs",
        "rev": "20edaf9a4790256add37b38ba4329b158dd138c8",
        "type": "github"
      }
    },
    "root": {
      "inputs": {
        "nixpkgs": "nixpkgs"
      }
    }
  },
  "root": "root",
  "version": 7
}
